
Microsoft Visual Studio Solution File, Format Version 12.00
# Visual Studio Version 16
VisualStudioVersion = 16.0.30717.126
MinimumVisualStudioVersion = 10.0.40219.1
Project("{9A19103F-16F7-4668-BE54-9A1E7A4F7556}") = "GiftAPI", "GiftAPI\GiftAPI.csproj", "{86D2BEA6-127D-49DC-AA36-D50EA41D7997}"
EndProject
Project("{FAE04EC0-301F-11D3-BF4B-00C04F79EFBC}") = "GiftApiMedDb", "GiftApiMedDb\GiftApiMedDb.csproj", "{EBAA5E35-1D1D-42D5-AFEB-225B7416066E}"
EndProject
Global
	GlobalSection(SolutionConfigurationPlatforms) = preSolution
		Debug|Any CPU = Debug|Any CPU
		Release|Any CPU = Release|Any CPU
	EndGlobalSection
	GlobalSection(ProjectConfigurationPlatforms) = postSolution
		{86D2BEA6-127D-49DC-AA36-D50EA41D7997}.Debug|Any CPU.ActiveCfg = Debug|Any CPU
		{86D2BEA6-127D-49DC-AA36-D50EA41D7997}.Debug|Any CPU.Build.0 = Debug|Any CPU
		{86D2BEA6-127D-49DC-AA36-D50EA41D7997}.Release|Any CPU.ActiveCfg = Release|Any CPU
		{86D2BEA6-127D-49DC-AA36-D50EA41D7997}.Release|Any CPU.Build.0 = Release|Any CPU
		{EBAA5E35-1D1D-42D5-AFEB-225B7416066E}.Debug|Any CPU.ActiveCfg = Debug|Any CPU
		{EBAA5E35-1D1D-42D5-AFEB-225B7416066E}.Debug|Any CPU.Build.0 = Debug|Any CPU
		{EBAA5E35-1D1D-42D5-AFEB-225B7416066E}.Release|Any CPU.ActiveCfg = Release|Any CPU
		{EBAA5E35-1D1D-42D5-AFEB-225B7416066E}.Release|Any CPU.Build.0 = Release|Any CPU
	EndGlobalSection
	GlobalSection(SolutionProperties) = preSolution
		HideSolutionNode = FALSE
	EndGlobalSection
	GlobalSection(ExtensibilityGlobals) = postSolution
		SolutionGuid = {D01F8A25-7383-4EC1-AECB-EC56DF0D409E}
	EndGlobalSection
EndGlobal
